// !$*UTF8*$!
{
	archiveVersion = 1;
	classes = {
	};
	objectVersion = 46;
	objects = {

/* Begin PBXBuildFile section */
		B088A1F51EAD0F6D007A9F04 /* AppDelegate.swift in Sources */ = {isa = PBXBuildFile; fileRef = B088A1F41EAD0F6D007A9F04 /* AppDelegate.swift */; };
		B088A1F71EAD0F6D007A9F04 /* ViewController.swift in Sources */ = {isa = PBXBuildFile; fileRef = B088A1F61EAD0F6D007A9F04 /* ViewController.swift */; };
		B088A1FA1EAD0F6D007A9F04 /* Main.storyboard in Resources */ = {isa = PBXBuildFile; fileRef = B088A1F81EAD0F6D007A9F04 /* Main.storyboard */; };
		B088A1FC1EAD0F6D007A9F04 /* Assets.xcassets in Resources */ = {isa = PBXBuildFile; fileRef = B088A1FB1EAD0F6D007A9F04 /* Assets.xcassets */; };
		B088A1FF1EAD0F6D007A9F04 /* LaunchScreen.storyboard in Resources */ = {isa = PBXBuildFile; fileRef = B088A1FD1EAD0F6D007A9F04 /* LaunchScreen.storyboard */; };
		B088A2071EAD1030007A9F04 /* NetworkingManager.swift in Sources */ = {isa = PBXBuildFile; fileRef = B088A2061EAD1030007A9F04 /* NetworkingManager.swift */; };
		B088A2091EAD2940007A9F04 /* Models.swift in Sources */ = {isa = PBXBuildFile; fileRef = B088A2081EAD2940007A9F04 /* Models.swift */; };
/* End PBXBuildFile section */

/* Begin PBXFileReference section */
		B088A1F11EAD0F6D007A9F04 /* TaskManager.app */ = {isa = PBXFileReference; explicitFileType = wrapper.application; includeInIndex = 0; path = TaskManager.app; sourceTree = BUILT_PRODUCTS_DIR; };
		B088A1F41EAD0F6D007A9F04 /* AppDelegate.swift */ = {isa = PBXFileReference; lastKnownFileType = sourcecode.swift; path = AppDelegate.swift; sourceTree = "<group>"; };
		B088A1F61EAD0F6D007A9F04 /* ViewController.swift */ = {isa = PBXFileReference; lastKnownFileType = sourcecode.swift; path = ViewController.swift; sourceTree = "<group>"; };
		B088A1F91EAD0F6D007A9F04 /* Base */ = {isa = PBXFileReference; lastKnownFileType = file.storyboard; name = Base; path = Base.lproj/Main.storyboard; sourceTree = "<group>"; };
		B088A1FB1EAD0F6D007A9F04 /* Assets.xcassets */ = {isa = PBXFileReference; lastKnownFileType = folder.assetcatalog; path = Assets.xcassets; sourceTree = "<group>"; };
		B088A1FE1EAD0F6D007A9F04 /* Base */ = {isa = PBXFileReference; lastKnownFileType = file.storyboard; name = Base; path = Base.lproj/LaunchScreen.storyboard; sourceTree = "<group>"; };
		B088A2001EAD0F6D007A9F04 /* Info.plist */ = {isa = PBXFileReference; lastKnownFileType = text.plist.xml; path = Info.plist; sourceTree = "<group>"; };
		B088A2061EAD1030007A9F04 /* NetworkingManager.swift */ = {isa = PBXFileReference; fileEncoding = 4; lastKnownFileType = sourcecode.swift; path = NetworkingManager.swift; sourceTree = "<group>"; };
		B088A2081EAD2940007A9F04 /* Models.swift */ = {isa = PBXFileReference; fileEncoding = 4; lastKnownFileType = sourcecode.swift; path = Models.swift; sourceTree = "<group>"; };
/* End PBXFileReference section */

/* Begin PBXFrameworksBuildPhase section */
		B088A1EE1EAD0F6D007A9F04 /* Frameworks */ = {
			isa = PBXFrameworksBuildPhase;
			buildActionMask = 2147483647;
			files = (
			);
			runOnlyForDeploymentPostprocessing = 0;
		};
/* End PBXFrameworksBuildPhase section */

/* Begin PBXGroup section */
		B088A1E81EAD0F6D007A9F04 = {
			isa = PBXGroup;
			children = (
				B088A1F31EAD0F6D007A9F04 /* TaskManager */,
				B088A1F21EAD0F6D007A9F04 /* Products */,
			);
			sourceTree = "<group>";
		};
		B088A1F21EAD0F6D007A9F04 /* Products */ = {
			isa = PBXGroup;
			children = (
				B088A1F11EAD0F6D007A9F04 /* TaskManager.app */,
			);
			name = Products;
			sourceTree = "<group>";
		};
		B088A1F31EAD0F6D007A9F04 /* TaskManager */ = {
			isa = PBXGroup;
			children = (
				B088A1F41EAD0F6D007A9F04 /* AppDelegate.swift */,
				B088A1F61EAD0F6D007A9F04 /* ViewController.swift */,
				B088A1F81EAD0F6D007A9F04 /* Main.storyboard */,
				B088A1FB1EAD0F6D007A9F04 /* Assets.xcassets */,
				B088A1FD1EAD0F6D007A9F04 /* LaunchScreen.storyboard */,
				B088A2001EAD0F6D007A9F04 /* Info.plist */,
				B088A2061EAD1030007A9F04 /* NetworkingManager.swift */,
				B088A2081EAD2940007A9F04 /* Models.swift */,
			);
			path = TaskManager;
			sourceTree = "<group>";
		};
/* End PBXGroup section */

/* Begin PBXNativeTarget section */
		B088A1F01EAD0F6D007A9F04 /* TaskManager */ = {
			isa = PBXNativeTarget;
			buildConfigurationList = B088A2031EAD0F6D007A9F04 /* Build configuration list for PBXNativeTarget "TaskManager" */;
			buildPhases = (
				B088A1ED1EAD0F6D007A9F04 /* Sources */,
				B088A1EE1EAD0F6D007A9F04 /* Frameworks */,
				B088A1EF1EAD0F6D007A9F04 /* Resources */,
			);
			buildRules = (
			);
			dependencies = (
			);
			name = TaskManager;
			productName = TaskManager;
			productReference = B088A1F11EAD0F6D007A9F04 /* TaskManager.app */;
			productType = "com.apple.product-type.application";
		};
/* End PBXNativeTarget section */

/* Begin PBXProject section */
		B088A1E91EAD0F6D007A9F04 /* Project object */ = {
			isa = PBXProject;
			attributes = {
				LastSwiftUpdateCheck = 0820;
				LastUpgradeCheck = 0820;
				ORGANIZATIONNAME = "Tim Beals";
				TargetAttributes = {
					B088A1F01EAD0F6D007A9F04 = {
						CreatedOnToolsVersion = 8.2.1;
						DevelopmentTeam = 2733C6P24Y;
						ProvisioningStyle = Automatic;
					};
				};
			};
			buildConfigurationList = B088A1EC1EAD0F6D007A9F04 /* Build configuration list for PBXProject "TaskManager" */;
			compatibilityVersion = "Xcode 3.2";
			developmentRegion = English;
			hasScannedForEncodings = 0;
			knownRegions = (
				en,
				Base,
			);
			mainGroup = B088A1E81EAD0F6D007A9F04;
			productRefGroup = B088A1F21EAD0F6D007A9F04 /* Products */;
			projectDirPath = "";
			projectRoot = "";
			targets = (
				B088A1F01EAD0F6D007A9F04 /* TaskManager */,
			);
		};
/* End PBXProject section */

/* Begin PBXResourcesBuildPhase section */
		B088A1EF1EAD0F6D007A9F04 /* Resources */ = {
			isa = PBXResourcesBuildPhase;
			buildActionMask = 2147483647;
			files = (
				B088A1FF1EAD0F6D007A9F04 /* LaunchScreen.storyboard in Resources */,
				B088A1FC1EAD0F6D007A9F04 /* Assets.xcassets in Resources */,
				B088A1FA1EAD0F6D007A9F04 /* Main.storyboard in Resources */,
			);
			runOnlyForDeploymentPostprocessing = 0;
		};
/* End PBXResourcesBuildPhase section */

/* Begin PBXSourcesBuildPhase section */
		B088A1ED1EAD0F6D007A9F04 /* Sources */ = {
			isa = PBXSourcesBuildPhase;
			buildActionMask = 2147483647;
			files = (
				B088A2091EAD2940007A9F04 /* Models.swift in Sources */,
				B088A2071EAD1030007A9F04 /* NetworkingManager.swift in Sources */,
				B088A1F71EAD0F6D007A9F04 /* ViewController.swift in Sources */,
				B088A1F51EAD0F6D007A9F04 /* AppDelegate.swift in Sources */,
			);
			runOnlyForDeploymentPostprocessing = 0;
		};
/* End PBXSourcesBuildPhase section */

/* Begin PBXVariantGroup section */
		B088A1F81EAD0F6D007A9F04 /* Main.storyboard */ = {
			isa = PBXVariantGroup;
			children = (
				B088A1F91EAD0F6D007A9F04 /* Base */,
			);
			name = Main.storyboard;
			sourceTree = "<group>";
		};
		B088A1FD1EAD0F6D007A9F04 /* LaunchScreen.storyboard */ = {
			isa = PBXVariantGroup;
			children = (
				B088A1FE1EAD0F6D007A9F04 /* Base */,
			);
			name = LaunchScreen.storyboard;
			sourceTree = "<group>";
		};
/* End PBXVariantGroup section */

/* Begin XCBuildConfiguration section */
		B088A2011EAD0F6D007A9F04 /* Debug */ = {
			isa = XCBuildConfiguration;
			buildSettings = {
				ALWAYS_SEARCH_USER_PATHS = NO;
				CLANG_ANALYZER_NONNULL = YES;
				CLANG_CXX_LANGUAGE_STANDARD = "gnu++0x";
				CLANG_CXX_LIBRARY = "libc++";
				CLANG_ENABLE_MODULES = YES;
				CLANG_ENABLE_OBJC_ARC = YES;
				CLANG_WARN_BOOL_CONVERSION = YES;
				CLANG_WARN_CONSTANT_CONVERSION = YES;
				CLANG_WARN_DIRECT_OBJC_ISA_USAGE = YES_ERROR;
				CLANG_WARN_DOCUMENTATION_COMMENTS = YES;
				CLANG_WARN_EMPTY_BODY = YES;
				CLANG_WARN_ENUM_CONVERSION = YES;
				CLANG_WARN_INFINITE_RECURSION = YES;
				CLANG_WARN_INT_CONVERSION = YES;
				CLANG_WARN_OBJC_ROOT_CLASS = YES_ERROR;
				CLANG_WARN_SUSPICIOUS_MOVE = YES;
				CLANG_WARN_UNREACHABLE_CODE = YES;
				CLANG_WARN__DUPLICATE_METHOD_MATCH = YES;
				"CODE_SIGN_IDENTITY[sdk=iphoneos*]" = "iPhone Developer";
				COPY_PHASE_STRIP = NO;
				DEBUG_INFORMATION_FORMAT = dwarf;
				ENABLE_STRICT_OBJC_MSGSEND = YES;
				ENABLE_TESTABILITY = YES;
				GCC_C_LANGUAGE_STANDARD = gnu99;
				GCC_DYNAMIC_NO_PIC = NO;
				GCC_NO_COMMON_BLOCKS = YES;
				GCC_OPTIMIZATION_LEVEL = 0;
				GCC_PREPROCESSOR_DEFINITIONS = (
					"DEBUG=1",
					"$(inherited)",
				);
				GCC_WARN_64_TO_32_BIT_CONVERSION = YES;
				GCC_WARN_ABOUT_RETURN_TYPE = YES_ERROR;
				GCC_WARN_UNDECLARED_SELECTOR = YES;
				GCC_WARN_UNINITIALIZED_AUTOS = YES_AGGRESSIVE;
				GCC_WARN_UNUSED_FUNCTION = YES;
				GCC_WARN_UNUSED_VARIABLE = YES;
				IPHONEOS_DEPLOYMENT_TARGET = 10.2;
				MTL_ENABLE_DEBUG_INFO = YES;
				ONLY_ACTIVE_ARCH = YES;
				SDKROOT = iphoneos;
				SWIFT_ACTIVE_COMPILATION_CONDITIONS = DEBUG;
				SWIFT_OPTIMIZATION_LEVEL = "-Onone";
				TARGETED_DEVICE_FAMILY = "1,2";
			};
			name = Debug;
		};
		B088A2021EAD0F6D007A9F04 /* Release */ = {
			isa = XCBuildConfiguration;
			buildSettings = {
				ALWAYS_SEARCH_USER_PATHS = NO;
				CLANG_ANALYZER_NONNULL = YES;
				CLANG_CXX_LANGUAGE_STANDARD = "gnu++0x";
				CLANG_CXX_LIBRARY = "libc++";
				CLANG_ENABLE_MODULES = YES;
				CLANG_ENABLE_OBJC_ARC = YES;
				CLANG_WARN_BOOL_CONVERSION = YES;
				CLANG_WARN_CONSTANT_CONVERSION = YES;
				CLANG_WARN_DIRECT_OBJC_ISA_USAGE = YES_ERROR;
				CLANG_WARN_DOCUMENTATION_COMMENTS = YES;
				CLANG_WARN_EMPTY_BODY = YES;
				CLANG_WARN_ENUM_CONVERSION = YES;
				CLANG_WARN_INFINITE_RECURSION = YES;
				CLANG_WARN_INT_CONVERSION = YES;
				CLANG_WARN_OBJC_ROOT_CLASS = YES_ERROR;
				CLANG_WARN_SUSPICIOUS_MOVE = YES;
				CLANG_WARN_UNREACHABLE_CODE = YES;
				CLANG_WARN__DUPLICATE_METHOD_MATCH = YES;
				"CODE_SIGN_IDENTITY[sdk=iphoneos*]" = "iPhone Developer";
				COPY_PHASE_STRIP = NO;
				DEBUG_INFORMATION_FORMAT = "dwarf-with-dsym";
				ENABLE_NS_ASSERTIONS = NO;
				ENABLE_STRICT_OBJC_MSGSEND = YES;
				GCC_C_LANGUAGE_STANDARD = gnu99;
				GCC_NO_COMMON_BLOCKS = YES;
				GCC_WARN_64_TO_32_BIT_CONVERSION = YES;
				GCC_WARN_ABOUT_RETURN_TYPE = YES_ERROR;
				GCC_WARN_UNDECLARED_SELECTOR = YES;
				GCC_WARN_UNINITIALIZED_AUTOS = YES_AGGRESSIVE;
				GCC_WARN_UNUSED_FUNCTION = YES;
				GCC_WARN_UNUSED_VARIABLE = YES;
				IPHONEOS_DEPLOYMENT_TARGET = 10.2;
				MTL_ENABLE_DEBUG_INFO = NO;
				SDKROOT = iphoneos;
				SWIFT_OPTIMIZATION_LEVEL = "-Owholemodule";
				TARGETED_DEVICE_FAMILY = "1,2";
				VALIDATE_PRODUCT = YES;
			};
			name = Release;
		};
		B088A2041EAD0F6D007A9F04 /* Debug */ = {
			isa = XCBuildConfiguration;
			buildSettings = {
				ASSETCATALOG_COMPILER_APPICON_NAME = AppIcon;
				DEVELOPMENT_TEAM = 2733C6P24Y;
				INFOPLIST_FILE = TaskManager/Info.plist;
				LD_RUNPATH_SEARCH_PATHS = "$(inherited) @executable_path/Frameworks";
				PRODUCT_BUNDLE_IDENTIFIER = com.timbeals.TaskManager;
				PRODUCT_NAME = "$(TARGET_NAME)";
				SWIFT_VERSION = 3.0;
			};
			name = Debug;
		};
		B088A2051EAD0F6D007A9F04 /* Release */ = {
			isa = XCBuildConfiguration;
			buildSettings = {
				ASSETCATALOG_COMPILER_APPICON_NAME = AppIcon;
				DEVELOPMENT_TEAM = 2733C6P24Y;
				INFOPLIST_FILE = TaskManager/Info.plist;
				LD_RUNPATH_SEARCH_PATHS = "$(inherited) @executable_path/Frameworks";
				PRODUCT_BUNDLE_IDENTIFIER = com.timbeals.TaskManager;
				PRODUCT_NAME = "$(TARGET_NAME)";
				SWIFT_VERSION = 3.0;
			};
			name = Release;
		};
/* End XCBuildConfiguration section */

/* Begin XCConfigurationList section */
		B088A1EC1EAD0F6D007A9F04 /* Build configuration list for PBXProject "TaskManager" */ = {
			isa = XCConfigurationList;
			buildConfigurations = (
				B088A2011EAD0F6D007A9F04 /* Debug */,
				B088A2021EAD0F6D007A9F04 /* Release */,
			);
			defaultConfigurationIsVisible = 0;
			defaultConfigurationName = Release;
		};
		B088A2031EAD0F6D007A9F04 /* Build configuration list for PBXNativeTarget "TaskManager" */ = {
			isa = XCConfigurationList;
			buildConfigurations = (
				B088A2041EAD0F6D007A9F04 /* Debug */,
				B088A2051EAD0F6D007A9F04 /* Release */,
			);
			defaultConfigurationIsVisible = 0;
		};
/* End XCConfigurationList section */
	};
	rootObject = B088A1E91EAD0F6D007A9F04 /* Project object */;
}
